
Microsoft Visual Studio Solution File, Format Version 12.00
# Visual Studio Version 17
VisualStudioVersion = 17.5.002.0
MinimumVisualStudioVersion = 10.0.40219.1
Project("{9A19103F-16F7-4668-BE54-9A1E7A4F7556}") = "ProductsApi", "ProductsApi\ProductsApi.csproj", "{15585985-FC2D-4FB5-8E14-40FB02AC1599}"
EndProject
Global
	GlobalSection(SolutionConfigurationPlatforms) = preSolution
		Debug|Any CPU = Debug|Any CPU
		Release|Any CPU = Release|Any CPU
	EndGlobalSection
	GlobalSection(ProjectConfigurationPlatforms) = postSolution
		{15585985-FC2D-4FB5-8E14-40FB02AC1599}.Debug|Any CPU.ActiveCfg = Debug|Any CPU
		{15585985-FC2D-4FB5-8E14-40FB02AC1599}.Debug|Any CPU.Build.0 = Debug|Any CPU
		{15585985-FC2D-4FB5-8E14-40FB02AC1599}.Release|Any CPU.ActiveCfg = Release|Any CPU
		{15585985-FC2D-4FB5-8E14-40FB02AC1599}.Release|Any CPU.Build.0 = Release|Any CPU
	EndGlobalSection
	GlobalSection(SolutionProperties) = preSolution
		HideSolutionNode = FALSE
	EndGlobalSection
	GlobalSection(ExtensibilityGlobals) = postSolution
		SolutionGuid = {E588F217-0BCB-4530-A142-A1A47FF889C8}
	EndGlobalSection
EndGlobal
