
Microsoft Visual Studio Solution File, Format Version 12.00
# Visual Studio Version 17
VisualStudioVersion = 17.5.002.0
MinimumVisualStudioVersion = 10.0.40219.1
Project("{9A19103F-16F7-4668-BE54-9A1E7A4F7556}") = "FormsApp", "FormsApp.csproj", "{E8B2794B-4BCC-4227-9FDF-0A8E1DF3E027}"
EndProject
Global
	GlobalSection(SolutionConfigurationPlatforms) = preSolution
		Debug|Any CPU = Debug|Any CPU
		Release|Any CPU = Release|Any CPU
	EndGlobalSection
	GlobalSection(ProjectConfigurationPlatforms) = postSolution
		{E8B2794B-4BCC-4227-9FDF-0A8E1DF3E027}.Debug|Any CPU.ActiveCfg = Debug|Any CPU
		{E8B2794B-4BCC-4227-9FDF-0A8E1DF3E027}.Debug|Any CPU.Build.0 = Debug|Any CPU
		{E8B2794B-4BCC-4227-9FDF-0A8E1DF3E027}.Release|Any CPU.ActiveCfg = Release|Any CPU
		{E8B2794B-4BCC-4227-9FDF-0A8E1DF3E027}.Release|Any CPU.Build.0 = Release|Any CPU
	EndGlobalSection
	GlobalSection(SolutionProperties) = preSolution
		HideSolutionNode = FALSE
	EndGlobalSection
	GlobalSection(ExtensibilityGlobals) = postSolution
		SolutionGuid = {24150DF8-95E0-474B-AE6D-EF28A1A08C6E}
	EndGlobalSection
EndGlobal
