
Microsoft Visual Studio Solution File, Format Version 12.00
# Visual Studio Version 17
VisualStudioVersion = 17.5.002.0
MinimumVisualStudioVersion = 10.0.40219.1
Project("{9A19103F-16F7-4668-BE54-9A1E7A4F7556}") = "AspClientApp", "AspClientApp.csproj", "{8BF61119-864D-4504-B280-A3175840662C}"
EndProject
Global
	GlobalSection(SolutionConfigurationPlatforms) = preSolution
		Debug|Any CPU = Debug|Any CPU
		Release|Any CPU = Release|Any CPU
	EndGlobalSection
	GlobalSection(ProjectConfigurationPlatforms) = postSolution
		{8BF61119-864D-4504-B280-A3175840662C}.Debug|Any CPU.ActiveCfg = Debug|Any CPU
		{8BF61119-864D-4504-B280-A3175840662C}.Debug|Any CPU.Build.0 = Debug|Any CPU
		{8BF61119-864D-4504-B280-A3175840662C}.Release|Any CPU.ActiveCfg = Release|Any CPU
		{8BF61119-864D-4504-B280-A3175840662C}.Release|Any CPU.Build.0 = Release|Any CPU
	EndGlobalSection
	GlobalSection(SolutionProperties) = preSolution
		HideSolutionNode = FALSE
	EndGlobalSection
	GlobalSection(ExtensibilityGlobals) = postSolution
		SolutionGuid = {0CBDAC16-22CF-4088-AD90-001A3FB8E77B}
	EndGlobalSection
EndGlobal
